
Microsoft Visual Studio Solution File, Format Version 12.00
# Visual Studio Version 16
VisualStudioVersion = 16.0.29215.179
MinimumVisualStudioVersion = 10.0.40219.1
Project("{FAE04EC0-301F-11D3-BF4B-00C04F79EFBC}") = "BenchMark.Example", "BenchMark.Example.csproj", "{B1943B8B-424D-4C0F-9A2F-3DDEB114A67D}"
EndProject
Global
	GlobalSection(SolutionConfigurationPlatforms) = preSolution
		Debug|Any CPU = Debug|Any CPU
		Release|Any CPU = Release|Any CPU
	EndGlobalSection
	GlobalSection(ProjectConfigurationPlatforms) = postSolution
		{B1943B8B-424D-4C0F-9A2F-3DDEB114A67D}.Debug|Any CPU.ActiveCfg = Debug|Any CPU
		{B1943B8B-424D-4C0F-9A2F-3DDEB114A67D}.Debug|Any CPU.Build.0 = Debug|Any CPU
		{B1943B8B-424D-4C0F-9A2F-3DDEB114A67D}.Release|Any CPU.ActiveCfg = Release|Any CPU
		{B1943B8B-424D-4C0F-9A2F-3DDEB114A67D}.Release|Any CPU.Build.0 = Release|Any CPU
	EndGlobalSection
	GlobalSection(SolutionProperties) = preSolution
		HideSolutionNode = FALSE
	EndGlobalSection
	GlobalSection(ExtensibilityGlobals) = postSolution
		SolutionGuid = {21A75FEB-6C0E-47BD-BC9D-E1BD8539C00A}
	EndGlobalSection
EndGlobal
